<Solution>
  <Project Path="ej01/ej01.csproj" Id="eb90edc7-efae-4798-9b3c-b0bd557b8fff" />
  <Project Path="ej02/ej02.csproj" Id="8f7e7cfa-bc74-4d1d-b685-25168674f038" />
  <Project Path="ej03/ej03.csproj" Id="ffa0434e-a856-46ea-9972-d943cda1928b" />
  <Project Path="ej04/ej04.csproj" Id="8b3ec7ff-fe3c-4d2f-94cf-3648bc5ac51e" />
</Solution>
